
Microsoft Visual Studio Solution File, Format Version 12.00
# Visual Studio Version 17
VisualStudioVersion = 17.2.32630.192
MinimumVisualStudioVersion = 10.0.40219.1
Project("{FAE04EC0-301F-11D3-BF4B-00C04F79EFBC}") = "MASInstaller", "MASInstaller\MASInstaller.csproj", "{1583CAB9-B0E4-4569-B8F4-70F6B9FB82E4}"
EndProject
Global
	GlobalSection(SolutionConfigurationPlatforms) = preSolution
		Debug|Any CPU = Debug|Any CPU
		Release|Any CPU = Release|Any CPU
	EndGlobalSection
	GlobalSection(ProjectConfigurationPlatforms) = postSolution
		{1583CAB9-B0E4-4569-B8F4-70F6B9FB82E4}.Debug|Any CPU.ActiveCfg = Debug|Any CPU
		{1583CAB9-B0E4-4569-B8F4-70F6B9FB82E4}.Debug|Any CPU.Build.0 = Debug|Any CPU
		{1583CAB9-B0E4-4569-B8F4-70F6B9FB82E4}.Release|Any CPU.ActiveCfg = Release|Any CPU
		{1583CAB9-B0E4-4569-B8F4-70F6B9FB82E4}.Release|Any CPU.Build.0 = Release|Any CPU
	EndGlobalSection
	GlobalSection(SolutionProperties) = preSolution
		HideSolutionNode = FALSE
	EndGlobalSection
	GlobalSection(ExtensibilityGlobals) = postSolution
		SolutionGuid = {682DEE2A-97C7-4731-97AE-5B921A86338B}
	EndGlobalSection
EndGlobal
